PODS:
  - AMap2DMap (4.0.0):
    - AMapFoundation (= 1.0.0)
  - AMapCloudMap (1.2.0)
  - AMapFoundation (1.0.0)
  - AMapLocation (2.0.0):
    - AMapFoundation (~> 1.0)
  - Masonry (1.1.0)
  - MBProgressHUD (0.9.2)
  - MJExtension (3.4.1)
  - MJRefresh (3.7.6)
  - MKNetworkKit (0.87):
    - Reachability (~> 3.1.0)
  - Reachability (3.1.1)
  - SDWebImage (3.8.3):
    - SDWebImage/Core (= 3.8.3)
  - SDWebImage/Core (3.8.3)
  - SVProgressHUD (2.2.5)
  - "UITableView+FDTemplateLayoutCell (1.6)"
  - UMengAnalytics-NO-IDFA (4.0.5)
  - YYKit (1.0.9):
    - YYKit/no-arc (= 1.0.9)
  - YYKit/no-arc (1.0.9)

DEPENDENCIES:
  - AMap2DMap
  - AMapCloudMap
  - AMapLocation
  - Masonry
  - MBProgressHUD (~> 0.9.1)
  - MJExtension
  - MJRefresh
  - MKNetworkKit
  - SDWebImage (~> 3.7)
  - SVProgressHUD
  - "UITableView+FDTemplateLayoutCell (~> 1.4.beta)"
  - UMengAnalytics-NO-IDFA
  - YYKit

SPEC REPOS:
  trunk:
    - AMap2DMap
    - AMapCloudMap
    - AMapFoundation
    - AMapLocation
    - Masonry
    - MBProgressHUD
    - MJExtension
    - MJRefresh
    - MKNetworkKit
    - Reachability
    - SDWebImage
    - SVProgressHUD
    - "UITableView+FDTemplateLayoutCell"
    - UMengAnalytics-NO-IDFA
    - YYKit

SPEC CHECKSUMS:
  AMap2DMap: 72868a24c1a7c70f86729a4dfb4e4c2dc301f727
  AMapCloudMap: dce3eb6d6a861fc90ac9c15ffdfa4b4301057d2a
  AMapFoundation: af861f5d299a4f17a1a8b50fd91242933bb352f3
  AMapLocation: 40141a31e7c584e59d590079eb8e565a90ecdf4d
  Masonry: 678fab65091a9290e40e2832a55e7ab731aad201
  MBProgressHUD: 1569cf7ace17a8bac47aabfbb8580a49690386d1
  MJExtension: 21c5f6f8c4d5d8844b7ae8fbae08fed0b501f961
  MJRefresh: 2fe7fb43a5167ceda20bb7e63f130c04fd1814a5
  MKNetworkKit: 60ad3c83b62183e40ba75ce772c9427c25b520de
  Reachability: dd9aa4fb6667b9f787690a74f53cb7634ce99893
  SDWebImage: a72e880a8fe0f7fc31efe15aaed443c074d2a80c
  SVProgressHUD: 1428aafac632c1f86f62aa4243ec12008d7a51d6
  "UITableView+FDTemplateLayoutCell": 5c949b4a5059c404b442926c0e80f81d10a2d66f
  UMengAnalytics-NO-IDFA: 965a219b05475ff2a4c09a164139a27bbaa0e25b
  YYKit: 7cda43304a8dc3696c449041e2cb3107b4e236e7

PODFILE CHECKSUM: 8a9b7b322c05900af469c4f44b24019e8cf3a4e1

COCOAPODS: 1.16.2
